
Microsoft Visual Studio Solution File, Format Version 12.00
# Visual Studio Version 16
VisualStudioVersion = 16.0.32126.315
MinimumVisualStudioVersion = 10.0.40219.1
Project("{FAE04EC0-301F-11D3-BF4B-00C04F79EFBC}") = "EvaluacionVirtual04", "EvaluacionVirtual04\EvaluacionVirtual04.csproj", "{12F336B0-DD02-4BDB-8262-ADF52EFD5A14}"
EndProject
Global
	GlobalSection(SolutionConfigurationPlatforms) = preSolution
		Debug|Any CPU = Debug|Any CPU
		Release|Any CPU = Release|Any CPU
	EndGlobalSection
	GlobalSection(ProjectConfigurationPlatforms) = postSolution
		{12F336B0-DD02-4BDB-8262-ADF52EFD5A14}.Debug|Any CPU.ActiveCfg = Debug|Any CPU
		{12F336B0-DD02-4BDB-8262-ADF52EFD5A14}.Debug|Any CPU.Build.0 = Debug|Any CPU
		{12F336B0-DD02-4BDB-8262-ADF52EFD5A14}.Release|Any CPU.ActiveCfg = Release|Any CPU
		{12F336B0-DD02-4BDB-8262-ADF52EFD5A14}.Release|Any CPU.Build.0 = Release|Any CPU
	EndGlobalSection
	GlobalSection(SolutionProperties) = preSolution
		HideSolutionNode = FALSE
	EndGlobalSection
	GlobalSection(ExtensibilityGlobals) = postSolution
		SolutionGuid = {2D2242A5-AA56-4B1D-9A16-42B41E53D8E0}
	EndGlobalSection
EndGlobal
